// !$*UTF8*$!
{
	archiveVersion = 1;
	classes = {
	};
	objectVersion = 46;
	objects = {

/* Begin PBXBuildFile section */
		1A48423C1C1102A800CD155B /* Fabric.framework in Frameworks */ = {isa = PBXBuildFile; fileRef = 1A48423A1C1102A800CD155B /* Fabric.framework */; };
		1A48423D1C1102A800CD155B /* Crashlytics.framework in Frameworks */ = {isa = PBXBuildFile; fileRef = 1A48423B1C1102A800CD155B /* Crashlytics.framework */; };
		1A4842431C112FE600CD155B /* HotelManager in Resources */ = {isa = PBXBuildFile; fileRef = 1A4842421C112FE600CD155B /* HotelManager */; };
		1A4842471C11323100CD155B /* SystemConfiguration.framework in Frameworks */ = {isa = PBXBuildFile; fileRef = 1A4842461C11323100CD155B /* SystemConfiguration.framework */; };
		1A744C281C12522800CE79E5 /* Flurry in Resources */ = {isa = PBXBuildFile; fileRef = 1A744C271C12522800CE79E5 /* Flurry */; };
		1A83493D1C0CF0AE00E4722D /* main.m in Sources */ = {isa = PBXBuildFile; fileRef = 1A83493C1C0CF0AE00E4722D /* main.m */; };
		1A8349401C0CF0AE00E4722D /* AppDelegate.m in Sources */ = {isa = PBXBuildFile; fileRef = 1A83493F1C0CF0AE00E4722D /* AppDelegate.m */; };
		1A8349431C0CF0AE00E4722D /* ViewController.m in Sources */ = {isa = PBXBuildFile; fileRef = 1A8349421C0CF0AE00E4722D /* ViewController.m */; };
		1A8349491C0CF0AE00E4722D /* HotelManager.xcdatamodeld in Sources */ = {isa = PBXBuildFile; fileRef = 1A8349471C0CF0AE00E4722D /* HotelManager.xcdatamodeld */; };
		1A83494B1C0CF0AE00E4722D /* Assets.xcassets in Resources */ = {isa = PBXBuildFile; fileRef = 1A83494A1C0CF0AE00E4722D /* Assets.xcassets */; };
		1A83494E1C0CF0AE00E4722D /* LaunchScreen.storyboard in Resources */ = {isa = PBXBuildFile; fileRef = 1A83494C1C0CF0AE00E4722D /* LaunchScreen.storyboard */; };
		1A8349591C0CF0AE00E4722D /* HotelManagerTests.m in Sources */ = {isa = PBXBuildFile; fileRef = 1A8349581C0CF0AE00E4722D /* HotelManagerTests.m */; };
		1A8349641C0CF0AE00E4722D /* HotelManagerUITests.m in Sources */ = {isa = PBXBuildFile; fileRef = 1A8349631C0CF0AE00E4722D /* HotelManagerUITests.m */; };
		1A91760D1C0D0ACF00438A3E /* hotel.png in Resources */ = {isa = PBXBuildFile; fileRef = 1A91760C1C0D0ACF00438A3E /* hotel.png */; };
		1A91760F1C0D0AD700438A3E /* room.png in Resources */ = {isa = PBXBuildFile; fileRef = 1A91760E1C0D0AD700438A3E /* room.png */; };
		1A9176111C0D0B0C00438A3E /* hotels.json in Resources */ = {isa = PBXBuildFile; fileRef = 1A9176101C0D0B0C00438A3E /* hotels.json */; };
		1A9176141C0D0DAB00438A3E /* RoomsViewController.m in Sources */ = {isa = PBXBuildFile; fileRef = 1A9176131C0D0DAB00438A3E /* RoomsViewController.m */; };
		1A9176301C0D1F4700438A3E /* HotelsViewController.m in Sources */ = {isa = PBXBuildFile; fileRef = 1A91762F1C0D1F4700438A3E /* HotelsViewController.m */; };
		1A9176411C0D225100438A3E /* Hotel+CoreDataProperties.m in Sources */ = {isa = PBXBuildFile; fileRef = 1A9176321C0D225100438A3E /* Hotel+CoreDataProperties.m */; };
		1A9176421C0D225100438A3E /* Hotel.m in Sources */ = {isa = PBXBuildFile; fileRef = 1A9176341C0D225100438A3E /* Hotel.m */; };
		1A9176431C0D225100438A3E /* Room+CoreDataProperties.m in Sources */ = {isa = PBXBuildFile; fileRef = 1A9176361C0D225100438A3E /* Room+CoreDataProperties.m */; };
		1A9176441C0D225100438A3E /* Room.m in Sources */ = {isa = PBXBuildFile; fileRef = 1A9176381C0D225100438A3E /* Room.m */; };
		1A9176451C0D225100438A3E /* Guest+CoreDataProperties.m in Sources */ = {isa = PBXBuildFile; fileRef = 1A91763A1C0D225100438A3E /* Guest+CoreDataProperties.m */; };
		1A9176461C0D225100438A3E /* Guest.m in Sources */ = {isa = PBXBuildFile; fileRef = 1A91763C1C0D225100438A3E /* Guest.m */; };
		1A9176471C0D225100438A3E /* Reservation+CoreDataProperties.m in Sources */ = {isa = PBXBuildFile; fileRef = 1A91763E1C0D225100438A3E /* Reservation+CoreDataProperties.m */; };
		1A9176481C0D225100438A3E /* Reservation.m in Sources */ = {isa = PBXBuildFile; fileRef = 1A9176401C0D225100438A3E /* Reservation.m */; };
		1ACA1ACF1C0FA04400CA3963 /* LookupViewController.m in Sources */ = {isa = PBXBuildFile; fileRef = 1ACA1ACE1C0FA04400CA3963 /* LookupViewController.m */; };
		1ACA1AD21C0FD2C400CA3963 /* ReservationService.m in Sources */ = {isa = PBXBuildFile; fileRef = 1ACA1AD11C0FD2C400CA3963 /* ReservationService.m */; };
		1AD75D7E1C0E42EC00242244 /* AvailabilityViewController.m in Sources */ = {isa = PBXBuildFile; fileRef = 1AD75D7D1C0E42EC00242244 /* AvailabilityViewController.m */; };
		1AD75D811C0E4D9A00242244 /* BookViewController.m in Sources */ = {isa = PBXBuildFile; fileRef = 1AD75D801C0E4D9A00242244 /* BookViewController.m */; };
		1AD75D871C0E591D00242244 /* DateViewController.m in Sources */ = {isa = PBXBuildFile; fileRef = 1AD75D861C0E591D00242244 /* DateViewController.m */; };
		1AD75D8D1C0E63BC00242244 /* NSObject+NSManagedObjectContext_Category.m in Sources */ = {isa = PBXBuildFile; fileRef = 1AD75D8C1C0E63BC00242244 /* NSObject+NSManagedObjectContext_Category.m */; };
/* End PBXBuildFile section */

/* Begin PBXContainerItemProxy section */
		1A8349551C0CF0AE00E4722D /* PBXContainerItemProxy */ = {
			isa = PBXContainerItemProxy;
			containerPortal = 1A8349301C0CF0AE00E4722D /* Project object */;
			proxyType = 1;
			remoteGlobalIDString = 1A8349371C0CF0AE00E4722D;
			remoteInfo = HotelManager;
		};
		1A8349601C0CF0AE00E4722D /* PBXContainerItemProxy */ = {
			isa = PBXContainerItemProxy;
			containerPortal = 1A8349301C0CF0AE00E4722D /* Project object */;
			proxyType = 1;
			remoteGlobalIDString = 1A8349371C0CF0AE00E4722D;
			remoteInfo = HotelManager;
		};
/* End PBXContainerItemProxy section */

/* Begin PBXFileReference section */
		1A48423A1C1102A800CD155B /* Fabric.framework */ = {isa = PBXFileReference; lastKnownFileType = wrapper.framework; path = Fabric.framework; sourceTree = "<group>"; };
		1A48423B1C1102A800CD155B /* Crashlytics.framework */ = {isa = PBXFileReference; lastKnownFileType = wrapper.framework; path = Crashlytics.framework; sourceTree = "<group>"; };
		1A48423E1C1118FC00CD155B /* HotelManager1.2.xcdatamodel */ = {isa = PBXFileReference; lastKnownFileType = wrapper.xcdatamodel; path = HotelManager1.2.xcdatamodel; sourceTree = "<group>"; };
		1A48423F1C11224B00CD155B /* HotelManager1.3.xcdatamodel */ = {isa = PBXFileReference; lastKnownFileType = wrapper.xcdatamodel; path = HotelManager1.3.xcdatamodel; sourceTree = "<group>"; };
		1A4842421C112FE600CD155B /* HotelManager */ = {isa = PBXFileReference; lastKnownFileType = folder; path = HotelManager; sourceTree = "<group>"; };
		1A4842461C11323100CD155B /* SystemConfiguration.framework */ = {isa = PBXFileReference; lastKnownFileType = wrapper.framework; name = SystemConfiguration.framework; path = System/Library/Frameworks/SystemConfiguration.framework; sourceTree = SDKROOT; };
		1A744C271C12522800CE79E5 /* Flurry */ = {isa = PBXFileReference; lastKnownFileType = folder; path = Flurry; sourceTree = "<group>"; };
		1A8349381C0CF0AE00E4722D /* HotelManager.app */ = {isa = PBXFileReference; explicitFileType = wrapper.application; includeInIndex = 0; path = HotelManager.app; sourceTree = BUILT_PRODUCTS_DIR; };
		1A83493C1C0CF0AE00E4722D /* main.m */ = {isa = PBXFileReference; lastKnownFileType = sourcecode.c.objc; path = main.m; sourceTree = "<group>"; };
		1A83493E1C0CF0AE00E4722D /* AppDelegate.h */ = {isa = PBXFileReference; lastKnownFileType = sourcecode.c.h; path = AppDelegate.h; sourceTree = "<group>"; };
		1A83493F1C0CF0AE00E4722D /* AppDelegate.m */ = {isa = PBXFileReference; lastKnownFileType = sourcecode.c.objc; path = AppDelegate.m; sourceTree = "<group>"; };
		1A8349411C0CF0AE00E4722D /* ViewController.h */ = {isa = PBXFileReference; lastKnownFileType = sourcecode.c.h; path = ViewController.h; sourceTree = "<group>"; };
		1A8349421C0CF0AE00E4722D /* ViewController.m */ = {isa = PBXFileReference; lastKnownFileType = sourcecode.c.objc; path = ViewController.m; sourceTree = "<group>"; };
		1A8349481C0CF0AE00E4722D /* HotelManager.xcdatamodel */ = {isa = PBXFileReference; lastKnownFileType = wrapper.xcdatamodel; path = HotelManager.xcdatamodel; sourceTree = "<group>"; };
		1A83494A1C0CF0AE00E4722D /* Assets.xcassets */ = {isa = PBXFileReference; lastKnownFileType = folder.assetcatalog; path = Assets.xcassets; sourceTree = "<group>"; };
		1A83494D1C0CF0AE00E4722D /* Base */ = {isa = PBXFileReference; lastKnownFileType = file.storyboard; name = Base; path = Base.lproj/LaunchScreen.storyboard; sourceTree = "<group>"; };
		1A83494F1C0CF0AE00E4722D /* Info.plist */ = {isa = PBXFileReference; lastKnownFileType = text.plist.xml; path = Info.plist; sourceTree = "<group>"; };
		1A8349541C0CF0AE00E4722D /* HotelManagerTests.xctest */ = {isa = PBXFileReference; explicitFileType = wrapper.cfbundle; includeInIndex = 0; path = HotelManagerTests.xctest; sourceTree = BUILT_PRODUCTS_DIR; };
		1A8349581C0CF0AE00E4722D /* HotelManagerTests.m */ = {isa = PBXFileReference; lastKnownFileType = sourcecode.c.objc; path = HotelManagerTests.m; sourceTree = "<group>"; };
		1A83495A1C0CF0AE00E4722D /* Info.plist */ = {isa = PBXFileReference; lastKnownFileType = text.plist.xml; path = Info.plist; sourceTree = "<group>"; };
		1A83495F1C0CF0AE00E4722D /* HotelManagerUITests.xctest */ = {isa = PBXFileReference; explicitFileType = wrapper.cfbundle; includeInIndex = 0; path = HotelManagerUITests.xctest; sourceTree = BUILT_PRODUCTS_DIR; };
		1A8349631C0CF0AE00E4722D /* HotelManagerUITests.m */ = {isa = PBXFileReference; lastKnownFileType = sourcecode.c.objc; path = HotelManagerUITests.m; sourceTree = "<group>"; };
		1A8349651C0CF0AE00E4722D /* Info.plist */ = {isa = PBXFileReference; lastKnownFileType = text.plist.xml; path = Info.plist; sourceTree = "<group>"; };
		1A91760C1C0D0ACF00438A3E /* hotel.png */ = {isa = PBXFileReference; lastKnownFileType = image.png; path = hotel.png; sourceTree = "<group>"; };
		1A91760E1C0D0AD700438A3E /* room.png */ = {isa = PBXFileReference; lastKnownFileType = image.png; path = room.png; sourceTree = "<group>"; };
		1A9176101C0D0B0C00438A3E /* hotels.json */ = {isa = PBXFileReference; fileEncoding = 4; lastKnownFileType = text.json; path = hotels.json; sourceTree = "<group>"; };
		1A9176121C0D0DAB00438A3E /* RoomsViewController.h */ = {isa = PBXFileReference; fileEncoding = 4; lastKnownFileType = sourcecode.c.h; path = RoomsViewController.h; sourceTree = "<group>"; };
		1A9176131C0D0DAB00438A3E /* RoomsViewController.m */ = {isa = PBXFileReference; fileEncoding = 4; lastKnownFileType = sourcecode.c.objc; path = RoomsViewController.m; sourceTree = "<group>"; };
		1A91762E1C0D1F4700438A3E /* HotelsViewController.h */ = {isa = PBXFileReference; fileEncoding = 4; lastKnownFileType = sourcecode.c.h; path = HotelsViewController.h; sourceTree = "<group>"; };
		1A91762F1C0D1F4700438A3E /* HotelsViewController.m */ = {isa = PBXFileReference; fileEncoding = 4; lastKnownFileType = sourcecode.c.objc; path = HotelsViewController.m; sourceTree = "<group>"; };
		1A9176311C0D225100438A3E /* Hotel+CoreDataProperties.h */ = {isa = PBXFileReference; fileEncoding = 4; lastKnownFileType = sourcecode.c.h; path = "Hotel+CoreDataProperties.h"; sourceTree = "<group>"; };
		1A9176321C0D225100438A3E /* Hotel+CoreDataProperties.m */ = {isa = PBXFileReference; fileEncoding = 4; lastKnownFileType = sourcecode.c.objc; path = "Hotel+CoreDataProperties.m"; sourceTree = "<group>"; };
		1A9176331C0D225100438A3E /* Hotel.h */ = {isa = PBXFileReference; fileEncoding = 4; lastKnownFileType = sourcecode.c.h; path = Hotel.h; sourceTree = "<group>"; };
		1A9176341C0D225100438A3E /* Hotel.m */ = {isa = PBXFileReference; fileEncoding = 4; lastKnownFileType = sourcecode.c.objc; path = Hotel.m; sourceTree = "<group>"; };
		1A9176351C0D225100438A3E /* Room+CoreDataProperties.h */ = {isa = PBXFileReference; fileEncoding = 4; lastKnownFileType = sourcecode.c.h; path = "Room+CoreDataProperties.h"; sourceTree = "<group>"; };
		1A9176361C0D225100438A3E /* Room+CoreDataProperties.m */ = {isa = PBXFileReference; fileEncoding = 4; lastKnownFileType = sourcecode.c.objc; path = "Room+CoreDataProperties.m"; sourceTree = "<group>"; };
		1A9176371C0D225100438A3E /* Room.h */ = {isa = PBXFileReference; fileEncoding = 4; lastKnownFileType = sourcecode.c.h; path = Room.h; sourceTree = "<group>"; };
		1A9176381C0D225100438A3E /* Room.m */ = {isa = PBXFileReference; fileEncoding = 4; lastKnownFileType = sourcecode.c.objc; path = Room.m; sourceTree = "<group>"; };
		1A9176391C0D225100438A3E /* Guest+CoreDataProperties.h */ = {isa = PBXFileReference; fileEncoding = 4; lastKnownFileType = sourcecode.c.h; path = "Guest+CoreDataProperties.h"; sourceTree = "<group>"; };
		1A91763A1C0D225100438A3E /* Guest+CoreDataProperties.m */ = {isa = PBXFileReference; fileEncoding = 4; lastKnownFileType = sourcecode.c.objc; path = "Guest+CoreDataProperties.m"; sourceTree = "<group>"; };
		1A91763B1C0D225100438A3E /* Guest.h */ = {isa = PBXFileReference; fileEncoding = 4; lastKnownFileType = sourcecode.c.h; path = Guest.h; sourceTree = "<group>"; };
		1A91763C1C0D225100438A3E /* Guest.m */ = {isa = PBXFileReference; fileEncoding = 4; lastKnownFileType = sourcecode.c.objc; path = Guest.m; sourceTree = "<group>"; };
		1A91763D1C0D225100438A3E /* Reservation+CoreDataProperties.h */ = {isa = PBXFileReference; fileEncoding = 4; lastKnownFileType = sourcecode.c.h; path = "Reservation+CoreDataProperties.h"; sourceTree = "<group>"; };
		1A91763E1C0D225100438A3E /* Reservation+CoreDataProperties.m */ = {isa = PBXFileReference; fileEncoding = 4; lastKnownFileType = sourcecode.c.objc; path = "Reservation+CoreDataProperties.m"; sourceTree = "<group>"; };
		1A91763F1C0D225100438A3E /* Reservation.h */ = {isa = PBXFileReference; fileEncoding = 4; lastKnownFileType = sourcecode.c.h; path = Reservation.h; sourceTree = "<group>"; };
		1A9176401C0D225100438A3E /* Reservation.m */ = {isa = PBXFileReference; fileEncoding = 4; lastKnownFileType = sourcecode.c.objc; path = Reservation.m; sourceTree = "<group>"; };
		1ACA1ACD1C0FA04400CA3963 /* LookupViewController.h */ = {isa = PBXFileReference; fileEncoding = 4; lastKnownFileType = sourcecode.c.h; path = LookupViewController.h; sourceTree = "<group>"; };
		1ACA1ACE1C0FA04400CA3963 /* LookupViewController.m */ = {isa = PBXFileReference; fileEncoding = 4; lastKnownFileType = sourcecode.c.objc; path = LookupViewController.m; sourceTree = "<group>"; };
		1ACA1AD01C0FD2C400CA3963 /* ReservationService.h */ = {isa = PBXFileReference; fileEncoding = 4; lastKnownFileType = sourcecode.c.h; name = ReservationService.h; path = HotelManager/ReservationService.h; sourceTree = "<group>"; };
		1ACA1AD11C0FD2C400CA3963 /* ReservationService.m */ = {isa = PBXFileReference; fileEncoding = 4; lastKnownFileType = sourcecode.c.objc; name = ReservationService.m; path = HotelManager/ReservationService.m; sourceTree = "<group>"; };
		1AD75D7C1C0E42EC00242244 /* AvailabilityViewController.h */ = {isa = PBXFileReference; fileEncoding = 4; lastKnownFileType = sourcecode.c.h; name = AvailabilityViewController.h; path = ../AvailabilityViewController.h; sourceTree = "<group>"; };
		1AD75D7D1C0E42EC00242244 /* AvailabilityViewController.m */ = {isa = PBXFileReference; fileEncoding = 4; lastKnownFileType = sourcecode.c.objc; name = AvailabilityViewController.m; path = ../AvailabilityViewController.m; sourceTree = "<group>"; };
		1AD75D7F1C0E4D9A00242244 /* BookViewController.h */ = {isa = PBXFileReference; fileEncoding = 4; lastKnownFileType = sourcecode.c.h; name = BookViewController.h; path = ../BookViewController.h; sourceTree = "<group>"; };
		1AD75D801C0E4D9A00242244 /* BookViewController.m */ = {isa = PBXFileReference; fileEncoding = 4; lastKnownFileType = sourcecode.c.objc; name = BookViewController.m; path = ../BookViewController.m; sourceTree = "<group>"; };
		1AD75D851C0E591D00242244 /* DateViewController.h */ = {isa = PBXFileReference; fileEncoding = 4; lastKnownFileType = sourcecode.c.h; path = DateViewController.h; sourceTree = "<group>"; };
		1AD75D861C0E591D00242244 /* DateViewController.m */ = {isa = PBXFileReference; fileEncoding = 4; lastKnownFileType = sourcecode.c.objc; path = DateViewController.m; sourceTree = "<group>"; };
		1AD75D8B1C0E63BC00242244 /* NSObject+NSManagedObjectContext_Category.h */ = {isa = PBXFileReference; fileEncoding = 4; lastKnownFileType = sourcecode.c.h; path = "NSObject+NSManagedObjectContext_Category.h"; sourceTree = "<group>"; };
		1AD75D8C1C0E63BC00242244 /* NSObject+NSManagedObjectContext_Category.m */ = {isa = PBXFileReference; fileEncoding = 4; lastKnownFileType = sourcecode.c.objc; path = "NSObject+NSManagedObjectContext_Category.m"; sourceTree = "<group>"; };
/* End PBXFileReference section */

/* Begin PBXFrameworksBuildPhase section */
		1A8349351C0CF0AE00E4722D /* Frameworks */ = {
			isa = PBXFrameworksBuildPhase;
			buildActionMask = 2147483647;
			files = (
				1A4842471C11323100CD155B /* SystemConfiguration.framework in Frameworks */,
				1A48423D1C1102A800CD155B /* Crashlytics.framework in Frameworks */,
				1A48423C1C1102A800CD155B /* Fabric.framework in Frameworks */,
			);
			runOnlyForDeploymentPostprocessing = 0;
		};
		1A8349511C0CF0AE00E4722D /* Frameworks */ = {
			isa = PBXFrameworksBuildPhase;
			buildActionMask = 2147483647;
			files = (
			);
			runOnlyForDeploymentPostprocessing = 0;
		};
		1A83495C1C0CF0AE00E4722D /* Frameworks */ = {
			isa = PBXFrameworksBuildPhase;
			buildActionMask = 2147483647;
			files = (
			);
			runOnlyForDeploymentPostprocessing = 0;
		};
/* End PBXFrameworksBuildPhase section */

/* Begin PBXGroup section */
		1A83492F1C0CF0AE00E4722D = {
			isa = PBXGroup;
			children = (
				1A744C271C12522800CE79E5 /* Flurry */,
				1A4842461C11323100CD155B /* SystemConfiguration.framework */,
				1A4842421C112FE600CD155B /* HotelManager */,
				1A48423A1C1102A800CD155B /* Fabric.framework */,
				1A48423B1C1102A800CD155B /* Crashlytics.framework */,
				1AD75D8B1C0E63BC00242244 /* NSObject+NSManagedObjectContext_Category.h */,
				1AD75D8C1C0E63BC00242244 /* NSObject+NSManagedObjectContext_Category.m */,
				1A91760B1C0D06FA00438A3E /* Model */,
				1A83493A1C0CF0AE00E4722D /* HotelManager */,
				1A8349571C0CF0AE00E4722D /* HotelManagerTests */,
				1A8349621C0CF0AE00E4722D /* HotelManagerUITests */,
				1A8349391C0CF0AE00E4722D /* Products */,
			);
			sourceTree = "<group>";
		};
		1A8349391C0CF0AE00E4722D /* Products */ = {
			isa = PBXGroup;
			children = (
				1A8349381C0CF0AE00E4722D /* HotelManager.app */,
				1A8349541C0CF0AE00E4722D /* HotelManagerTests.xctest */,
				1A83495F1C0CF0AE00E4722D /* HotelManagerUITests.xctest */,
			);
			name = Products;
			sourceTree = "<group>";
		};
		1A83493A1C0CF0AE00E4722D /* HotelManager */ = {
			isa = PBXGroup;
			children = (
				1A83493E1C0CF0AE00E4722D /* AppDelegate.h */,
				1A83493F1C0CF0AE00E4722D /* AppDelegate.m */,
				1A9176151C0D0DBD00438A3E /* View */,
				1A83494A1C0CF0AE00E4722D /* Assets.xcassets */,
				1A83494C1C0CF0AE00E4722D /* LaunchScreen.storyboard */,
				1A83494F1C0CF0AE00E4722D /* Info.plist */,
				1A8349471C0CF0AE00E4722D /* HotelManager.xcdatamodeld */,
				1A83493B1C0CF0AE00E4722D /* Supporting Files */,
			);
			path = HotelManager;
			sourceTree = "<group>";
		};
		1A83493B1C0CF0AE00E4722D /* Supporting Files */ = {
			isa = PBXGroup;
			children = (
				1A9176101C0D0B0C00438A3E /* hotels.json */,
				1A91760E1C0D0AD700438A3E /* room.png */,
				1A91760C1C0D0ACF00438A3E /* hotel.png */,
				1A83493C1C0CF0AE00E4722D /* main.m */,
			);
			name = "Supporting Files";
			sourceTree = "<group>";
		};
		1A8349571C0CF0AE00E4722D /* HotelManagerTests */ = {
			isa = PBXGroup;
			children = (
				1A8349581C0CF0AE00E4722D /* HotelManagerTests.m */,
				1A83495A1C0CF0AE00E4722D /* Info.plist */,
			);
			path = HotelManagerTests;
			sourceTree = "<group>";
		};
		1A8349621C0CF0AE00E4722D /* HotelManagerUITests */ = {
			isa = PBXGroup;
			children = (
				1A8349631C0CF0AE00E4722D /* HotelManagerUITests.m */,
				1A8349651C0CF0AE00E4722D /* Info.plist */,
			);
			path = HotelManagerUITests;
			sourceTree = "<group>";
		};
		1A91760B1C0D06FA00438A3E /* Model */ = {
			isa = PBXGroup;
			children = (
				1A9176311C0D225100438A3E /* Hotel+CoreDataProperties.h */,
				1A9176321C0D225100438A3E /* Hotel+CoreDataProperties.m */,
				1A9176331C0D225100438A3E /* Hotel.h */,
				1A9176341C0D225100438A3E /* Hotel.m */,
				1A9176351C0D225100438A3E /* Room+CoreDataProperties.h */,
				1A9176361C0D225100438A3E /* Room+CoreDataProperties.m */,
				1A9176371C0D225100438A3E /* Room.h */,
				1A9176381C0D225100438A3E /* Room.m */,
				1A9176391C0D225100438A3E /* Guest+CoreDataProperties.h */,
				1A91763A1C0D225100438A3E /* Guest+CoreDataProperties.m */,
				1A91763B1C0D225100438A3E /* Guest.h */,
				1A91763C1C0D225100438A3E /* Guest.m */,
				1A91763D1C0D225100438A3E /* Reservation+CoreDataProperties.h */,
				1A91763E1C0D225100438A3E /* Reservation+CoreDataProperties.m */,
				1A91763F1C0D225100438A3E /* Reservation.h */,
				1ACA1AD01C0FD2C400CA3963 /* ReservationService.h */,
				1ACA1AD11C0FD2C400CA3963 /* ReservationService.m */,
				1A9176401C0D225100438A3E /* Reservation.m */,
			);
			name = Model;
			sourceTree = "<group>";
		};
		1A9176151C0D0DBD00438A3E /* View */ = {
			isa = PBXGroup;
			children = (
				1AD75D7F1C0E4D9A00242244 /* BookViewController.h */,
				1AD75D801C0E4D9A00242244 /* BookViewController.m */,
				1AD75D851C0E591D00242244 /* DateViewController.h */,
				1AD75D861C0E591D00242244 /* DateViewController.m */,
				1AD75D7C1C0E42EC00242244 /* AvailabilityViewController.h */,
				1AD75D7D1C0E42EC00242244 /* AvailabilityViewController.m */,
				1A8349411C0CF0AE00E4722D /* ViewController.h */,
				1ACA1ACD1C0FA04400CA3963 /* LookupViewController.h */,
				1ACA1ACE1C0FA04400CA3963 /* LookupViewController.m */,
				1A9176121C0D0DAB00438A3E /* RoomsViewController.h */,
				1A9176131C0D0DAB00438A3E /* RoomsViewController.m */,
				1A91762E1C0D1F4700438A3E /* HotelsViewController.h */,
				1A91762F1C0D1F4700438A3E /* HotelsViewController.m */,
				1A8349421C0CF0AE00E4722D /* ViewController.m */,
			);
			name = View;
			sourceTree = "<group>";
		};
/* End PBXGroup section */

/* Begin PBXNativeTarget section */
		1A8349371C0CF0AE00E4722D /* HotelManager */ = {
			isa = PBXNativeTarget;
			buildConfigurationList = 1A8349681C0CF0AE00E4722D /* Build configuration list for PBXNativeTarget "HotelManager" */;
			buildPhases = (
				1A8349341C0CF0AE00E4722D /* Sources */,
				1A8349351C0CF0AE00E4722D /* Frameworks */,
				1A8349361C0CF0AE00E4722D /* Resources */,
				1A4842391C10FC1400CD155B /* ShellScript */,
			);
			buildRules = (
			);
			dependencies = (
			);
			name = HotelManager;
			productName = HotelManager;
			productReference = 1A8349381C0CF0AE00E4722D /* HotelManager.app */;
			productType = "com.apple.product-type.application";
		};
		1A8349531C0CF0AE00E4722D /* HotelManagerTests */ = {
			isa = PBXNativeTarget;
			buildConfigurationList = 1A83496B1C0CF0AE00E4722D /* Build configuration list for PBXNativeTarget "HotelManagerTests" */;
			buildPhases = (
				1A8349501C0CF0AE00E4722D /* Sources */,
				1A8349511C0CF0AE00E4722D /* Frameworks */,
				1A8349521C0CF0AE00E4722D /* Resources */,
			);
			buildRules = (
			);
			dependencies = (
				1A8349561C0CF0AE00E4722D /* PBXTargetDependency */,
			);
			name = HotelManagerTests;
			productName = HotelManagerTests;
			productReference = 1A8349541C0CF0AE00E4722D /* HotelManagerTests.xctest */;
			productType = "com.apple.product-type.bundle.unit-test";
		};
		1A83495E1C0CF0AE00E4722D /* HotelManagerUITests */ = {
			isa = PBXNativeTarget;
			buildConfigurationList = 1A83496E1C0CF0AE00E4722D /* Build configuration list for PBXNativeTarget "HotelManagerUITests" */;
			buildPhases = (
				1A83495B1C0CF0AE00E4722D /* Sources */,
				1A83495C1C0CF0AE00E4722D /* Frameworks */,
				1A83495D1C0CF0AE00E4722D /* Resources */,
			);
			buildRules = (
			);
			dependencies = (
				1A8349611C0CF0AE00E4722D /* PBXTargetDependency */,
			);
			name = HotelManagerUITests;
			productName = HotelManagerUITests;
			productReference = 1A83495F1C0CF0AE00E4722D /* HotelManagerUITests.xctest */;
			productType = "com.apple.product-type.bundle.ui-testing";
		};
/* End PBXNativeTarget section */

/* Begin PBXProject section */
		1A8349301C0CF0AE00E4722D /* Project object */ = {
			isa = PBXProject;
			attributes = {
				LastUpgradeCheck = 0710;
				ORGANIZATIONNAME = "Lynn Kuhlman";
				TargetAttributes = {
					1A8349371C0CF0AE00E4722D = {
						CreatedOnToolsVersion = 7.1.1;
					};
					1A8349531C0CF0AE00E4722D = {
						CreatedOnToolsVersion = 7.1.1;
						TestTargetID = 1A8349371C0CF0AE00E4722D;
					};
					1A83495E1C0CF0AE00E4722D = {
						CreatedOnToolsVersion = 7.1.1;
						TestTargetID = 1A8349371C0CF0AE00E4722D;
					};
				};
			};
			buildConfigurationList = 1A8349331C0CF0AE00E4722D /* Build configuration list for PBXProject "HotelManager" */;
			compatibilityVersion = "Xcode 3.2";
			developmentRegion = English;
			hasScannedForEncodings = 0;
			knownRegions = (
				en,
				Base,
			);
			mainGroup = 1A83492F1C0CF0AE00E4722D;
			productRefGroup = 1A8349391C0CF0AE00E4722D /* Products */;
			projectDirPath = "";
			projectRoot = "";
			targets = (
				1A8349371C0CF0AE00E4722D /* HotelManager */,
				1A8349531C0CF0AE00E4722D /* HotelManagerTests */,
				1A83495E1C0CF0AE00E4722D /* HotelManagerUITests */,
			);
		};
/* End PBXProject section */

/* Begin PBXResourcesBuildPhase section */
		1A8349361C0CF0AE00E4722D /* Resources */ = {
			isa = PBXResourcesBuildPhase;
			buildActionMask = 2147483647;
			files = (
				1A9176111C0D0B0C00438A3E /* hotels.json in Resources */,
				1A91760D1C0D0ACF00438A3E /* hotel.png in Resources */,
				1A744C281C12522800CE79E5 /* Flurry in Resources */,
				1A91760F1C0D0AD700438A3E /* room.png in Resources */,
				1A4842431C112FE600CD155B /* HotelManager in Resources */,
				1A83494E1C0CF0AE00E4722D /* LaunchScreen.storyboard in Resources */,
				1A83494B1C0CF0AE00E4722D /* Assets.xcassets in Resources */,
			);
			runOnlyForDeploymentPostprocessing = 0;
		};
		1A8349521C0CF0AE00E4722D /* Resources */ = {
			isa = PBXResourcesBuildPhase;
			buildActionMask = 2147483647;
			files = (
			);
			runOnlyForDeploymentPostprocessing = 0;
		};
		1A83495D1C0CF0AE00E4722D /* Resources */ = {
			isa = PBXResourcesBuildPhase;
			buildActionMask = 2147483647;
			files = (
			);
			runOnlyForDeploymentPostprocessing = 0;
		};
/* End PBXResourcesBuildPhase section */

/* Begin PBXShellScriptBuildPhase section */
		1A4842391C10FC1400CD155B /* ShellScript */ = {
			isa = PBXShellScriptBuildPhase;
			buildActionMask = 2147483647;
			files = (
			);
			inputPaths = (
			);
			outputPaths = (
			);
			runOnlyForDeploymentPostprocessing = 0;
			shellPath = /bin/sh;
			shellScript = "./Fabric.framework/run fe37b939a582df42a69b07b93bb79c851855fbbe b27b4891527a3bbe3dbe7fe1d482867d3e4dcc02745c5185e5f1fb94dcd1d039";
		};
/* End PBXShellScriptBuildPhase section */

/* Begin PBXSourcesBuildPhase section */
		1A8349341C0CF0AE00E4722D /* Sources */ = {
			isa = PBXSourcesBuildPhase;
			buildActionMask = 2147483647;
			files = (
				1A9176481C0D225100438A3E /* Reservation.m in Sources */,
				1AD75D7E1C0E42EC00242244 /* AvailabilityViewController.m in Sources */,
				1A9176441C0D225100438A3E /* Room.m in Sources */,
				1A9176431C0D225100438A3E /* Room+CoreDataProperties.m in Sources */,
				1A9176301C0D1F4700438A3E /* HotelsViewController.m in Sources */,
				1ACA1ACF1C0FA04400CA3963 /* LookupViewController.m in Sources */,
				1A9176471C0D225100438A3E /* Reservation+CoreDataProperties.m in Sources */,
				1A8349491C0CF0AE00E4722D /* HotelManager.xcdatamodeld in Sources */,
				1A9176411C0D225100438A3E /* Hotel+CoreDataProperties.m in Sources */,
				1A9176141C0D0DAB00438A3E /* RoomsViewController.m in Sources */,
				1AD75D811C0E4D9A00242244 /* BookViewController.m in Sources */,
				1A9176461C0D225100438A3E /* Guest.m in Sources */,
				1A8349431C0CF0AE00E4722D /* ViewController.m in Sources */,
				1A8349401C0CF0AE00E4722D /* AppDelegate.m in Sources */,
				1A9176421C0D225100438A3E /* Hotel.m in Sources */,
				1A83493D1C0CF0AE00E4722D /* main.m in Sources */,
				1AD75D871C0E591D00242244 /* DateViewController.m in Sources */,
				1A9176451C0D225100438A3E /* Guest+CoreDataProperties.m in Sources */,
				1ACA1AD21C0FD2C400CA3963 /* ReservationService.m in Sources */,
				1AD75D8D1C0E63BC00242244 /* NSObject+NSManagedObjectContext_Category.m in Sources */,
			);
			runOnlyForDeploymentPostprocessing = 0;
		};
		1A8349501C0CF0AE00E4722D /* Sources */ = {
			isa = PBXSourcesBuildPhase;
			buildActionMask = 2147483647;
			files = (
				1A8349591C0CF0AE00E4722D /* HotelManagerTests.m in Sources */,
			);
			runOnlyForDeploymentPostprocessing = 0;
		};
		1A83495B1C0CF0AE00E4722D /* Sources */ = {
			isa = PBXSourcesBuildPhase;
			buildActionMask = 2147483647;
			files = (
				1A8349641C0CF0AE00E4722D /* HotelManagerUITests.m in Sources */,
			);
			runOnlyForDeploymentPostprocessing = 0;
		};
/* End PBXSourcesBuildPhase section */

/* Begin PBXTargetDependency section */
		1A8349561C0CF0AE00E4722D /* PBXTargetDependency */ = {
			isa = PBXTargetDependency;
			target = 1A8349371C0CF0AE00E4722D /* HotelManager */;
			targetProxy = 1A8349551C0CF0AE00E4722D /* PBXContainerItemProxy */;
		};
		1A8349611C0CF0AE00E4722D /* PBXTargetDependency */ = {
			isa = PBXTargetDependency;
			target = 1A8349371C0CF0AE00E4722D /* HotelManager */;
			targetProxy = 1A8349601C0CF0AE00E4722D /* PBXContainerItemProxy */;
		};
/* End PBXTargetDependency section */

/* Begin PBXVariantGroup section */
		1A83494C1C0CF0AE00E4722D /* LaunchScreen.storyboard */ = {
			isa = PBXVariantGroup;
			children = (
				1A83494D1C0CF0AE00E4722D /* Base */,
			);
			name = LaunchScreen.storyboard;
			sourceTree = "<group>";
		};
/* End PBXVariantGroup section */

/* Begin XCBuildConfiguration section */
		1A8349661C0CF0AE00E4722D /* Debug */ = {
			isa = XCBuildConfiguration;
			buildSettings = {
				ALWAYS_SEARCH_USER_PATHS = NO;
				CLANG_CXX_LANGUAGE_STANDARD = "gnu++0x";
				CLANG_CXX_LIBRARY = "libc++";
				CLANG_ENABLE_MODULES = YES;
				CLANG_ENABLE_OBJC_ARC = YES;
				CLANG_WARN_BOOL_CONVERSION = YES;
				CLANG_WARN_CONSTANT_CONVERSION = YES;
				CLANG_WARN_DIRECT_OBJC_ISA_USAGE = YES_ERROR;
				CLANG_WARN_EMPTY_BODY = YES;
				CLANG_WARN_ENUM_CONVERSION = YES;
				CLANG_WARN_INT_CONVERSION = YES;
				CLANG_WARN_OBJC_ROOT_CLASS = YES_ERROR;
				CLANG_WARN_UNREACHABLE_CODE = YES;
				CLANG_WARN__DUPLICATE_METHOD_MATCH = YES;
				"CODE_SIGN_IDENTITY[sdk=iphoneos*]" = "iPhone Developer";
				COPY_PHASE_STRIP = NO;
				DEBUG_INFORMATION_FORMAT = dwarf;
				ENABLE_STRICT_OBJC_MSGSEND = YES;
				ENABLE_TESTABILITY = YES;
				GCC_C_LANGUAGE_STANDARD = gnu99;
				GCC_DYNAMIC_NO_PIC = NO;
				GCC_NO_COMMON_BLOCKS = YES;
				GCC_OPTIMIZATION_LEVEL = 0;
				GCC_PREPROCESSOR_DEFINITIONS = (
					"DEBUG=1",
					"$(inherited)",
				);
				GCC_WARN_64_TO_32_BIT_CONVERSION = YES;
				GCC_WARN_ABOUT_RETURN_TYPE = YES_ERROR;
				GCC_WARN_UNDECLARED_SELECTOR = YES;
				GCC_WARN_UNINITIALIZED_AUTOS = YES_AGGRESSIVE;
				GCC_WARN_UNUSED_FUNCTION = YES;
				GCC_WARN_UNUSED_VARIABLE = YES;
				IPHONEOS_DEPLOYMENT_TARGET = 9.1;
				MTL_ENABLE_DEBUG_INFO = YES;
				ONLY_ACTIVE_ARCH = YES;
				SDKROOT = iphoneos;
				TARGETED_DEVICE_FAMILY = "1,2";
			};
			name = Debug;
		};
		1A8349671C0CF0AE00E4722D /* Release */ = {
			isa = XCBuildConfiguration;
			buildSettings = {
				ALWAYS_SEARCH_USER_PATHS = NO;
				CLANG_CXX_LANGUAGE_STANDARD = "gnu++0x";
				CLANG_CXX_LIBRARY = "libc++";
				CLANG_ENABLE_MODULES = YES;
				CLANG_ENABLE_OBJC_ARC = YES;
				CLANG_WARN_BOOL_CONVERSION = YES;
				CLANG_WARN_CONSTANT_CONVERSION = YES;
				CLANG_WARN_DIRECT_OBJC_ISA_USAGE = YES_ERROR;
				CLANG_WARN_EMPTY_BODY = YES;
				CLANG_WARN_ENUM_CONVERSION = YES;
				CLANG_WARN_INT_CONVERSION = YES;
				CLANG_WARN_OBJC_ROOT_CLASS = YES_ERROR;
				CLANG_WARN_UNREACHABLE_CODE = YES;
				CLANG_WARN__DUPLICATE_METHOD_MATCH = YES;
				"CODE_SIGN_IDENTITY[sdk=iphoneos*]" = "iPhone Developer";
				COPY_PHASE_STRIP = NO;
				DEBUG_INFORMATION_FORMAT = "dwarf-with-dsym";
				ENABLE_NS_ASSERTIONS = NO;
				ENABLE_STRICT_OBJC_MSGSEND = YES;
				GCC_C_LANGUAGE_STANDARD = gnu99;
				GCC_NO_COMMON_BLOCKS = YES;
				GCC_WARN_64_TO_32_BIT_CONVERSION = YES;
				GCC_WARN_ABOUT_RETURN_TYPE = YES_ERROR;
				GCC_WARN_UNDECLARED_SELECTOR = YES;
				GCC_WARN_UNINITIALIZED_AUTOS = YES_AGGRESSIVE;
				GCC_WARN_UNUSED_FUNCTION = YES;
				GCC_WARN_UNUSED_VARIABLE = YES;
				IPHONEOS_DEPLOYMENT_TARGET = 9.1;
				MTL_ENABLE_DEBUG_INFO = NO;
				SDKROOT = iphoneos;
				TARGETED_DEVICE_FAMILY = "1,2";
				VALIDATE_PRODUCT = YES;
			};
			name = Release;
		};
		1A8349691C0CF0AE00E4722D /* Debug */ = {
			isa = XCBuildConfiguration;
			buildSettings = {
				ASSETCATALOG_COMPILER_APPICON_NAME = AppIcon;
				DEBUG_INFORMATION_FORMAT = "dwarf-with-dsym";
				FRAMEWORK_SEARCH_PATHS = (
					"$(inherited)",
					"$(PROJECT_DIR)",
				);
				INFOPLIST_FILE = HotelManager/Info.plist;
				IPHONEOS_DEPLOYMENT_TARGET = 8.4;
				LD_RUNPATH_SEARCH_PATHS = "$(inherited) @executable_path/Frameworks";
				PRODUCT_BUNDLE_IDENTIFIER = com.lynnkuhlman.HotelManager;
				PRODUCT_NAME = "$(TARGET_NAME)";
			};
			name = Debug;
		};
		1A83496A1C0CF0AE00E4722D /* Release */ = {
			isa = XCBuildConfiguration;
			buildSettings = {
				ASSETCATALOG_COMPILER_APPICON_NAME = AppIcon;
				FRAMEWORK_SEARCH_PATHS = (
					"$(inherited)",
					"$(PROJECT_DIR)",
				);
				INFOPLIST_FILE = HotelManager/Info.plist;
				IPHONEOS_DEPLOYMENT_TARGET = 8.4;
				LD_RUNPATH_SEARCH_PATHS = "$(inherited) @executable_path/Frameworks";
				PRODUCT_BUNDLE_IDENTIFIER = com.lynnkuhlman.HotelManager;
				PRODUCT_NAME = "$(TARGET_NAME)";
			};
			name = Release;
		};
		1A83496C1C0CF0AE00E4722D /* Debug */ = {
			isa = XCBuildConfiguration;
			buildSettings = {
				BUNDLE_LOADER = "$(TEST_HOST)";
				INFOPLIST_FILE = HotelManagerTests/Info.plist;
				LD_RUNPATH_SEARCH_PATHS = "$(inherited) @executable_path/Frameworks @loader_path/Frameworks";
				PRODUCT_BUNDLE_IDENTIFIER = com.lynnkuhlman.HotelManagerTests;
				PRODUCT_NAME = "$(TARGET_NAME)";
				TEST_HOST = "$(BUILT_PRODUCTS_DIR)/HotelManager.app/HotelManager";
			};
			name = Debug;
		};
		1A83496D1C0CF0AE00E4722D /* Release */ = {
			isa = XCBuildConfiguration;
			buildSettings = {
				BUNDLE_LOADER = "$(TEST_HOST)";
				INFOPLIST_FILE = HotelManagerTests/Info.plist;
				LD_RUNPATH_SEARCH_PATHS = "$(inherited) @executable_path/Frameworks @loader_path/Frameworks";
				PRODUCT_BUNDLE_IDENTIFIER = com.lynnkuhlman.HotelManagerTests;
				PRODUCT_NAME = "$(TARGET_NAME)";
				TEST_HOST = "$(BUILT_PRODUCTS_DIR)/HotelManager.app/HotelManager";
			};
			name = Release;
		};
		1A83496F1C0CF0AE00E4722D /* Debug */ = {
			isa = XCBuildConfiguration;
			buildSettings = {
				INFOPLIST_FILE = HotelManagerUITests/Info.plist;
				LD_RUNPATH_SEARCH_PATHS = "$(inherited) @executable_path/Frameworks @loader_path/Frameworks";
				PRODUCT_BUNDLE_IDENTIFIER = com.lynnkuhlman.HotelManagerUITests;
				PRODUCT_NAME = "$(TARGET_NAME)";
				TEST_TARGET_NAME = HotelManager;
				USES_XCTRUNNER = YES;
			};
			name = Debug;
		};
		1A8349701C0CF0AE00E4722D /* Release */ = {
			isa = XCBuildConfiguration;
			buildSettings = {
				INFOPLIST_FILE = HotelManagerUITests/Info.plist;
				LD_RUNPATH_SEARCH_PATHS = "$(inherited) @executable_path/Frameworks @loader_path/Frameworks";
				PRODUCT_BUNDLE_IDENTIFIER = com.lynnkuhlman.HotelManagerUITests;
				PRODUCT_NAME = "$(TARGET_NAME)";
				TEST_TARGET_NAME = HotelManager;
				USES_XCTRUNNER = YES;
			};
			name = Release;
		};
/* End XCBuildConfiguration section */

/* Begin XCConfigurationList section */
		1A8349331C0CF0AE00E4722D /* Build configuration list for PBXProject "HotelManager" */ = {
			isa = XCConfigurationList;
			buildConfigurations = (
				1A8349661C0CF0AE00E4722D /* Debug */,
				1A8349671C0CF0AE00E4722D /* Release */,
			);
			defaultConfigurationIsVisible = 0;
			defaultConfigurationName = Release;
		};
		1A8349681C0CF0AE00E4722D /* Build configuration list for PBXNativeTarget "HotelManager" */ = {
			isa = XCConfigurationList;
			buildConfigurations = (
				1A8349691C0CF0AE00E4722D /* Debug */,
				1A83496A1C0CF0AE00E4722D /* Release */,
			);
			defaultConfigurationIsVisible = 0;
			defaultConfigurationName = Release;
		};
		1A83496B1C0CF0AE00E4722D /* Build configuration list for PBXNativeTarget "HotelManagerTests" */ = {
			isa = XCConfigurationList;
			buildConfigurations = (
				1A83496C1C0CF0AE00E4722D /* Debug */,
				1A83496D1C0CF0AE00E4722D /* Release */,
			);
			defaultConfigurationIsVisible = 0;
			defaultConfigurationName = Release;
		};
		1A83496E1C0CF0AE00E4722D /* Build configuration list for PBXNativeTarget "HotelManagerUITests" */ = {
			isa = XCConfigurationList;
			buildConfigurations = (
				1A83496F1C0CF0AE00E4722D /* Debug */,
				1A8349701C0CF0AE00E4722D /* Release */,
			);
			defaultConfigurationIsVisible = 0;
			defaultConfigurationName = Release;
		};
/* End XCConfigurationList section */

/* Begin XCVersionGroup section */
		1A8349471C0CF0AE00E4722D /* HotelManager.xcdatamodeld */ = {
			isa = XCVersionGroup;
			children = (
				1A48423F1C11224B00CD155B /* HotelManager1.3.xcdatamodel */,
				1A48423E1C1118FC00CD155B /* HotelManager1.2.xcdatamodel */,
				1A8349481C0CF0AE00E4722D /* HotelManager.xcdatamodel */,
			);
			currentVersion = 1A48423F1C11224B00CD155B /* HotelManager1.3.xcdatamodel */;
			path = HotelManager.xcdatamodeld;
			sourceTree = "<group>";
			versionGroupType = wrapper.xcdatamodel;
		};
/* End XCVersionGroup section */
	};
	rootObject = 1A8349301C0CF0AE00E4722D /* Project object */;
}
